
Microsoft Visual Studio Solution File, Format Version 12.00
# Visual Studio Version 16
VisualStudioVersion = 16.0.29709.97
MinimumVisualStudioVersion = 10.0.40219.1
Project("{9A19103F-16F7-4668-BE54-9A1E7A4F7556}") = "Sentiment.AnalysisML.Model", "Sentiment AnalysisML.Model\Sentiment.AnalysisML.Model.csproj", "{4A7CC286-F114-4364-AD7C-62943A2C4D76}"
EndProject
Project("{9A19103F-16F7-4668-BE54-9A1E7A4F7556}") = "MachineLearningDemo", "MachineLearningDemo\MachineLearningDemo.csproj", "{BA9DD42E-6E42-4416-A917-B7CBCD407D15}"
EndProject
Project("{9A19103F-16F7-4668-BE54-9A1E7A4F7556}") = "CustomerSegmentation", "CustomerSegmentation\CustomerSegmentation.csproj", "{53655369-AACF-4962-A282-A51AAFE37981}"
EndProject
Global
	GlobalSection(SolutionConfigurationPlatforms) = preSolution
		Debug|Any CPU = Debug|Any CPU
		Release|Any CPU = Release|Any CPU
	EndGlobalSection
	GlobalSection(ProjectConfigurationPlatforms) = postSolution
		{4A7CC286-F114-4364-AD7C-62943A2C4D76}.Debug|Any CPU.ActiveCfg = Debug|Any CPU
		{4A7CC286-F114-4364-AD7C-62943A2C4D76}.Debug|Any CPU.Build.0 = Debug|Any CPU
		{4A7CC286-F114-4364-AD7C-62943A2C4D76}.Release|Any CPU.ActiveCfg = Release|Any CPU
		{4A7CC286-F114-4364-AD7C-62943A2C4D76}.Release|Any CPU.Build.0 = Release|Any CPU
		{BA9DD42E-6E42-4416-A917-B7CBCD407D15}.Debug|Any CPU.ActiveCfg = Debug|Any CPU
		{BA9DD42E-6E42-4416-A917-B7CBCD407D15}.Debug|Any CPU.Build.0 = Debug|Any CPU
		{BA9DD42E-6E42-4416-A917-B7CBCD407D15}.Release|Any CPU.ActiveCfg = Release|Any CPU
		{BA9DD42E-6E42-4416-A917-B7CBCD407D15}.Release|Any CPU.Build.0 = Release|Any CPU
		{53655369-AACF-4962-A282-A51AAFE37981}.Debug|Any CPU.ActiveCfg = Debug|Any CPU
		{53655369-AACF-4962-A282-A51AAFE37981}.Debug|Any CPU.Build.0 = Debug|Any CPU
		{53655369-AACF-4962-A282-A51AAFE37981}.Release|Any CPU.ActiveCfg = Release|Any CPU
		{53655369-AACF-4962-A282-A51AAFE37981}.Release|Any CPU.Build.0 = Release|Any CPU
	EndGlobalSection
	GlobalSection(SolutionProperties) = preSolution
		HideSolutionNode = FALSE
	EndGlobalSection
	GlobalSection(ExtensibilityGlobals) = postSolution
		SolutionGuid = {BA4F56FF-92CE-461A-B391-8135E5B9307C}
	EndGlobalSection
EndGlobal
